// !$*UTF8*$!
{
	archiveVersion = 1;
	classes = {
	};
	objectVersion = 46;
	objects = {

/* Begin PBXBuildFile section */
		4566A17D1C8B722A00E49EB1 /* ImageViewController.swift in Sources */ = {isa = PBXBuildFile; fileRef = 4566A17C1C8B722A00E49EB1 /* ImageViewController.swift */; };
		4566A1811C8B971900E49EB1 /* NewPost.swift in Sources */ = {isa = PBXBuildFile; fileRef = 4566A1801C8B971900E49EB1 /* NewPost.swift */; };
		4566A1831C8BA81B00E49EB1 /* HomeViewController.swift in Sources */ = {isa = PBXBuildFile; fileRef = 4566A1821C8BA81B00E49EB1 /* HomeViewController.swift */; };
		4566A1851C8BA87600E49EB1 /* ProfileViewController.swift in Sources */ = {isa = PBXBuildFile; fileRef = 4566A1841C8BA87600E49EB1 /* ProfileViewController.swift */; };
		4566A1881C8BAB9E00E49EB1 /* PostCollectionViewCell.swift in Sources */ = {isa = PBXBuildFile; fileRef = 4566A1871C8BAB9E00E49EB1 /* PostCollectionViewCell.swift */; };
		45A615991C83C8990046B1DD /* AppDelegate.swift in Sources */ = {isa = PBXBuildFile; fileRef = 45A615981C83C8990046B1DD /* AppDelegate.swift */; };
		45A6159B1C83C8990046B1DD /* ViewController.swift in Sources */ = {isa = PBXBuildFile; fileRef = 45A6159A1C83C8990046B1DD /* ViewController.swift */; };
		45A6159E1C83C8990046B1DD /* Main.storyboard in Resources */ = {isa = PBXBuildFile; fileRef = 45A6159C1C83C8990046B1DD /* Main.storyboard */; };
		45A615A01C83C8990046B1DD /* Assets.xcassets in Resources */ = {isa = PBXBuildFile; fileRef = 45A6159F1C83C8990046B1DD /* Assets.xcassets */; };
		45A615A31C83C8990046B1DD /* LaunchScreen.storyboard in Resources */ = {isa = PBXBuildFile; fileRef = 45A615A11C83C8990046B1DD /* LaunchScreen.storyboard */; };
		45A615AB1C83FCC40046B1DD /* LoginViewController.swift in Sources */ = {isa = PBXBuildFile; fileRef = 45A615AA1C83FCC40046B1DD /* LoginViewController.swift */; };
		6AD8F4F8DACAD84D09A9B4A7 /* Pods_Instagram.framework in Frameworks */ = {isa = PBXBuildFile; fileRef = F6483ABB2BD69F7CD351A9B6 /* Pods_Instagram.framework */; };
/* End PBXBuildFile section */

/* Begin PBXFileReference section */
		33A2D1C8952004C3C128C6BA /* Pods-Instagram.debug.xcconfig */ = {isa = PBXFileReference; includeInIndex = 1; lastKnownFileType = text.xcconfig; name = "Pods-Instagram.debug.xcconfig"; path = "Pods/Target Support Files/Pods-Instagram/Pods-Instagram.debug.xcconfig"; sourceTree = "<group>"; };
		4566A17C1C8B722A00E49EB1 /* ImageViewController.swift */ = {isa = PBXFileReference; fileEncoding = 4; lastKnownFileType = sourcecode.swift; path = ImageViewController.swift; sourceTree = "<group>"; };
		4566A1801C8B971900E49EB1 /* NewPost.swift */ = {isa = PBXFileReference; fileEncoding = 4; lastKnownFileType = sourcecode.swift; path = NewPost.swift; sourceTree = "<group>"; };
		4566A1821C8BA81B00E49EB1 /* HomeViewController.swift */ = {isa = PBXFileReference; fileEncoding = 4; lastKnownFileType = sourcecode.swift; path = HomeViewController.swift; sourceTree = "<group>"; };
		4566A1841C8BA87600E49EB1 /* ProfileViewController.swift */ = {isa = PBXFileReference; fileEncoding = 4; lastKnownFileType = sourcecode.swift; path = ProfileViewController.swift; sourceTree = "<group>"; };
		4566A1871C8BAB9E00E49EB1 /* PostCollectionViewCell.swift */ = {isa = PBXFileReference; fileEncoding = 4; lastKnownFileType = sourcecode.swift; path = PostCollectionViewCell.swift; sourceTree = "<group>"; };
		45A615951C83C8990046B1DD /* Instagram.app */ = {isa = PBXFileReference; explicitFileType = wrapper.application; includeInIndex = 0; path = Instagram.app; sourceTree = BUILT_PRODUCTS_DIR; };
		45A615981C83C8990046B1DD /* AppDelegate.swift */ = {isa = PBXFileReference; lastKnownFileType = sourcecode.swift; path = AppDelegate.swift; sourceTree = "<group>"; };
		45A6159A1C83C8990046B1DD /* ViewController.swift */ = {isa = PBXFileReference; lastKnownFileType = sourcecode.swift; path = ViewController.swift; sourceTree = "<group>"; };
		45A6159D1C83C8990046B1DD /* Base */ = {isa = PBXFileReference; lastKnownFileType = file.storyboard; name = Base; path = Base.lproj/Main.storyboard; sourceTree = "<group>"; };
		45A6159F1C83C8990046B1DD /* Assets.xcassets */ = {isa = PBXFileReference; lastKnownFileType = folder.assetcatalog; path = Assets.xcassets; sourceTree = "<group>"; };
		45A615A21C83C8990046B1DD /* Base */ = {isa = PBXFileReference; lastKnownFileType = file.storyboard; name = Base; path = Base.lproj/LaunchScreen.storyboard; sourceTree = "<group>"; };
		45A615A41C83C8990046B1DD /* Info.plist */ = {isa = PBXFileReference; lastKnownFileType = text.plist.xml; path = Info.plist; sourceTree = "<group>"; };
		45A615AA1C83FCC40046B1DD /* LoginViewController.swift */ = {isa = PBXFileReference; fileEncoding = 4; lastKnownFileType = sourcecode.swift; path = LoginViewController.swift; sourceTree = "<group>"; };
		916E5D752A99F61AB7BD9D41 /* Pods-Instagram.release.xcconfig */ = {isa = PBXFileReference; includeInIndex = 1; lastKnownFileType = text.xcconfig; name = "Pods-Instagram.release.xcconfig"; path = "Pods/Target Support Files/Pods-Instagram/Pods-Instagram.release.xcconfig"; sourceTree = "<group>"; };
		F6483ABB2BD69F7CD351A9B6 /* Pods_Instagram.framework */ = {isa = PBXFileReference; explicitFileType = wrapper.framework; includeInIndex = 0; path = Pods_Instagram.framework; sourceTree = BUILT_PRODUCTS_DIR; };
/* End PBXFileReference section */

/* Begin PBXFrameworksBuildPhase section */
		45A615921C83C8980046B1DD /* Frameworks */ = {
			isa = PBXFrameworksBuildPhase;
			buildActionMask = 2147483647;
			files = (
				6AD8F4F8DACAD84D09A9B4A7 /* Pods_Instagram.framework in Frameworks */,
			);
			runOnlyForDeploymentPostprocessing = 0;
		};
/* End PBXFrameworksBuildPhase section */

/* Begin PBXGroup section */
		14D22419F46507566EA9BF07 /* Pods */ = {
			isa = PBXGroup;
			children = (
				33A2D1C8952004C3C128C6BA /* Pods-Instagram.debug.xcconfig */,
				916E5D752A99F61AB7BD9D41 /* Pods-Instagram.release.xcconfig */,
			);
			name = Pods;
			sourceTree = "<group>";
		};
		334417BC188BA1168D87C39E /* Frameworks */ = {
			isa = PBXGroup;
			children = (
				F6483ABB2BD69F7CD351A9B6 /* Pods_Instagram.framework */,
			);
			name = Frameworks;
			sourceTree = "<group>";
		};
		4566A17E1C8B96AE00E49EB1 /* Controllers */ = {
			isa = PBXGroup;
			children = (
				4566A17C1C8B722A00E49EB1 /* ImageViewController.swift */,
				45A615AA1C83FCC40046B1DD /* LoginViewController.swift */,
				45A6159A1C83C8990046B1DD /* ViewController.swift */,
				4566A1821C8BA81B00E49EB1 /* HomeViewController.swift */,
				4566A1841C8BA87600E49EB1 /* ProfileViewController.swift */,
			);
			name = Controllers;
			sourceTree = "<group>";
		};
		4566A17F1C8B96CB00E49EB1 /* Model */ = {
			isa = PBXGroup;
			children = (
				4566A1801C8B971900E49EB1 /* NewPost.swift */,
			);
			name = Model;
			sourceTree = "<group>";
		};
		4566A1861C8BAB6A00E49EB1 /* views */ = {
			isa = PBXGroup;
			children = (
				4566A1871C8BAB9E00E49EB1 /* PostCollectionViewCell.swift */,
			);
			name = views;
			sourceTree = "<group>";
		};
		45A6158C1C83C8980046B1DD = {
			isa = PBXGroup;
			children = (
				45A615971C83C8990046B1DD /* Instagram */,
				45A615961C83C8990046B1DD /* Products */,
				14D22419F46507566EA9BF07 /* Pods */,
				334417BC188BA1168D87C39E /* Frameworks */,
			);
			sourceTree = "<group>";
		};
		45A615961C83C8990046B1DD /* Products */ = {
			isa = PBXGroup;
			children = (
				45A615951C83C8990046B1DD /* Instagram.app */,
			);
			name = Products;
			sourceTree = "<group>";
		};
		45A615971C83C8990046B1DD /* Instagram */ = {
			isa = PBXGroup;
			children = (
				4566A1861C8BAB6A00E49EB1 /* views */,
				4566A17F1C8B96CB00E49EB1 /* Model */,
				4566A17E1C8B96AE00E49EB1 /* Controllers */,
				45A615981C83C8990046B1DD /* AppDelegate.swift */,
				45A6159C1C83C8990046B1DD /* Main.storyboard */,
				45A6159F1C83C8990046B1DD /* Assets.xcassets */,
				45A615A11C83C8990046B1DD /* LaunchScreen.storyboard */,
				45A615A41C83C8990046B1DD /* Info.plist */,
			);
			path = Instagram;
			sourceTree = "<group>";
		};
/* End PBXGroup section */

/* Begin PBXNativeTarget section */
		45A615941C83C8980046B1DD /* Instagram */ = {
			isa = PBXNativeTarget;
			buildConfigurationList = 45A615A71C83C8990046B1DD /* Build configuration list for PBXNativeTarget "Instagram" */;
			buildPhases = (
				E5D90406E4CE5874CB119244 /* Check Pods Manifest.lock */,
				45A615911C83C8980046B1DD /* Sources */,
				45A615921C83C8980046B1DD /* Frameworks */,
				45A615931C83C8980046B1DD /* Resources */,
				96FD139631E5CDFBB9E6F71F /* Embed Pods Frameworks */,
				A2B9B7A02511AF04D6BCC152 /* Copy Pods Resources */,
			);
			buildRules = (
			);
			dependencies = (
			);
			name = Instagram;
			productName = Instagram;
			productReference = 45A615951C83C8990046B1DD /* Instagram.app */;
			productType = "com.apple.product-type.application";
		};
/* End PBXNativeTarget section */

/* Begin PBXProject section */
		45A6158D1C83C8980046B1DD /* Project object */ = {
			isa = PBXProject;
			attributes = {
				LastSwiftUpdateCheck = 0720;
				LastUpgradeCheck = 0720;
				ORGANIZATIONNAME = "Brandon Arroyo";
				TargetAttributes = {
					45A615941C83C8980046B1DD = {
						CreatedOnToolsVersion = 7.2.1;
						DevelopmentTeam = Z8GSESMM72;
					};
				};
			};
			buildConfigurationList = 45A615901C83C8980046B1DD /* Build configuration list for PBXProject "Instagram" */;
			compatibilityVersion = "Xcode 3.2";
			developmentRegion = English;
			hasScannedForEncodings = 0;
			knownRegions = (
				en,
				Base,
			);
			mainGroup = 45A6158C1C83C8980046B1DD;
			productRefGroup = 45A615961C83C8990046B1DD /* Products */;
			projectDirPath = "";
			projectRoot = "";
			targets = (
				45A615941C83C8980046B1DD /* Instagram */,
			);
		};
/* End PBXProject section */

/* Begin PBXResourcesBuildPhase section */
		45A615931C83C8980046B1DD /* Resources */ = {
			isa = PBXResourcesBuildPhase;
			buildActionMask = 2147483647;
			files = (
				45A615A31C83C8990046B1DD /* LaunchScreen.storyboard in Resources */,
				45A615A01C83C8990046B1DD /* Assets.xcassets in Resources */,
				45A6159E1C83C8990046B1DD /* Main.storyboard in Resources */,
			);
			runOnlyForDeploymentPostprocessing = 0;
		};
/* End PBXResourcesBuildPhase section */

/* Begin PBXShellScriptBuildPhase section */
		96FD139631E5CDFBB9E6F71F /* Embed Pods Frameworks */ = {
			isa = PBXShellScriptBuildPhase;
			buildActionMask = 2147483647;
			files = (
			);
			inputPaths = (
			);
			name = "Embed Pods Frameworks";
			outputPaths = (
			);
			runOnlyForDeploymentPostprocessing = 0;
			shellPath = /bin/sh;
			shellScript = "\"${SRCROOT}/Pods/Target Support Files/Pods-Instagram/Pods-Instagram-frameworks.sh\"\n";
			showEnvVarsInLog = 0;
		};
		A2B9B7A02511AF04D6BCC152 /* Copy Pods Resources */ = {
			isa = PBXShellScriptBuildPhase;
			buildActionMask = 2147483647;
			files = (
			);
			inputPaths = (
			);
			name = "Copy Pods Resources";
			outputPaths = (
			);
			runOnlyForDeploymentPostprocessing = 0;
			shellPath = /bin/sh;
			shellScript = "\"${SRCROOT}/Pods/Target Support Files/Pods-Instagram/Pods-Instagram-resources.sh\"\n";
			showEnvVarsInLog = 0;
		};
		E5D90406E4CE5874CB119244 /* Check Pods Manifest.lock */ = {
			isa = PBXShellScriptBuildPhase;
			buildActionMask = 2147483647;
			files = (
			);
			inputPaths = (
			);
			name = "Check Pods Manifest.lock";
			outputPaths = (
			);
			runOnlyForDeploymentPostprocessing = 0;
			shellPath = /bin/sh;
			shellScript = "diff \"${PODS_ROOT}/../Podfile.lock\" \"${PODS_ROOT}/Manifest.lock\" > /dev/null\nif [[ $? != 0 ]] ; then\n    cat << EOM\nerror: The sandbox is not in sync with the Podfile.lock. Run 'pod install' or update your CocoaPods installation.\nEOM\n    exit 1\nfi\n";
			showEnvVarsInLog = 0;
		};
/* End PBXShellScriptBuildPhase section */

/* Begin PBXSourcesBuildPhase section */
		45A615911C83C8980046B1DD /* Sources */ = {
			isa = PBXSourcesBuildPhase;
			buildActionMask = 2147483647;
			files = (
				45A615AB1C83FCC40046B1DD /* LoginViewController.swift in Sources */,
				45A6159B1C83C8990046B1DD /* ViewController.swift in Sources */,
				4566A1811C8B971900E49EB1 /* NewPost.swift in Sources */,
				4566A17D1C8B722A00E49EB1 /* ImageViewController.swift in Sources */,
				4566A1881C8BAB9E00E49EB1 /* PostCollectionViewCell.swift in Sources */,
				4566A1851C8BA87600E49EB1 /* ProfileViewController.swift in Sources */,
				45A615991C83C8990046B1DD /* AppDelegate.swift in Sources */,
				4566A1831C8BA81B00E49EB1 /* HomeViewController.swift in Sources */,
			);
			runOnlyForDeploymentPostprocessing = 0;
		};
/* End PBXSourcesBuildPhase section */

/* Begin PBXVariantGroup section */
		45A6159C1C83C8990046B1DD /* Main.storyboard */ = {
			isa = PBXVariantGroup;
			children = (
				45A6159D1C83C8990046B1DD /* Base */,
			);
			name = Main.storyboard;
			sourceTree = "<group>";
		};
		45A615A11C83C8990046B1DD /* LaunchScreen.storyboard */ = {
			isa = PBXVariantGroup;
			children = (
				45A615A21C83C8990046B1DD /* Base */,
			);
			name = LaunchScreen.storyboard;
			sourceTree = "<group>";
		};
/* End PBXVariantGroup section */

/* Begin XCBuildConfiguration section */
		45A615A51C83C8990046B1DD /* Debug */ = {
			isa = XCBuildConfiguration;
			buildSettings = {
				ALWAYS_SEARCH_USER_PATHS = NO;
				CLANG_CXX_LANGUAGE_STANDARD = "gnu++0x";
				CLANG_CXX_LIBRARY = "libc++";
				CLANG_ENABLE_MODULES = YES;
				CLANG_ENABLE_OBJC_ARC = YES;
				CLANG_WARN_BOOL_CONVERSION = YES;
				CLANG_WARN_CONSTANT_CONVERSION = YES;
				CLANG_WARN_DIRECT_OBJC_ISA_USAGE = YES_ERROR;
				CLANG_WARN_EMPTY_BODY = YES;
				CLANG_WARN_ENUM_CONVERSION = YES;
				CLANG_WARN_INT_CONVERSION = YES;
				CLANG_WARN_OBJC_ROOT_CLASS = YES_ERROR;
				CLANG_WARN_UNREACHABLE_CODE = YES;
				CLANG_WARN__DUPLICATE_METHOD_MATCH = YES;
				"CODE_SIGN_IDENTITY[sdk=iphoneos*]" = "iPhone Developer";
				COPY_PHASE_STRIP = NO;
				DEBUG_INFORMATION_FORMAT = dwarf;
				ENABLE_STRICT_OBJC_MSGSEND = YES;
				ENABLE_TESTABILITY = YES;
				GCC_C_LANGUAGE_STANDARD = gnu99;
				GCC_DYNAMIC_NO_PIC = NO;
				GCC_NO_COMMON_BLOCKS = YES;
				GCC_OPTIMIZATION_LEVEL = 0;
				GCC_PREPROCESSOR_DEFINITIONS = (
					"DEBUG=1",
					"$(inherited)",
				);
				GCC_WARN_64_TO_32_BIT_CONVERSION = YES;
				GCC_WARN_ABOUT_RETURN_TYPE = YES_ERROR;
				GCC_WARN_UNDECLARED_SELECTOR = YES;
				GCC_WARN_UNINITIALIZED_AUTOS = YES_AGGRESSIVE;
				GCC_WARN_UNUSED_FUNCTION = YES;
				GCC_WARN_UNUSED_VARIABLE = YES;
				IPHONEOS_DEPLOYMENT_TARGET = 9.2;
				MTL_ENABLE_DEBUG_INFO = YES;
				ONLY_ACTIVE_ARCH = YES;
				SDKROOT = iphoneos;
				SWIFT_OPTIMIZATION_LEVEL = "-Onone";
			};
			name = Debug;
		};
		45A615A61C83C8990046B1DD /* Release */ = {
			isa = XCBuildConfiguration;
			buildSettings = {
				ALWAYS_SEARCH_USER_PATHS = NO;
				CLANG_CXX_LANGUAGE_STANDARD = "gnu++0x";
				CLANG_CXX_LIBRARY = "libc++";
				CLANG_ENABLE_MODULES = YES;
				CLANG_ENABLE_OBJC_ARC = YES;
				CLANG_WARN_BOOL_CONVERSION = YES;
				CLANG_WARN_CONSTANT_CONVERSION = YES;
				CLANG_WARN_DIRECT_OBJC_ISA_USAGE = YES_ERROR;
				CLANG_WARN_EMPTY_BODY = YES;
				CLANG_WARN_ENUM_CONVERSION = YES;
				CLANG_WARN_INT_CONVERSION = YES;
				CLANG_WARN_OBJC_ROOT_CLASS = YES_ERROR;
				CLANG_WARN_UNREACHABLE_CODE = YES;
				CLANG_WARN__DUPLICATE_METHOD_MATCH = YES;
				"CODE_SIGN_IDENTITY[sdk=iphoneos*]" = "iPhone Developer";
				COPY_PHASE_STRIP = NO;
				DEBUG_INFORMATION_FORMAT = "dwarf-with-dsym";
				ENABLE_NS_ASSERTIONS = NO;
				ENABLE_STRICT_OBJC_MSGSEND = YES;
				GCC_C_LANGUAGE_STANDARD = gnu99;
				GCC_NO_COMMON_BLOCKS = YES;
				GCC_WARN_64_TO_32_BIT_CONVERSION = YES;
				GCC_WARN_ABOUT_RETURN_TYPE = YES_ERROR;
				GCC_WARN_UNDECLARED_SELECTOR = YES;
				GCC_WARN_UNINITIALIZED_AUTOS = YES_AGGRESSIVE;
				GCC_WARN_UNUSED_FUNCTION = YES;
				GCC_WARN_UNUSED_VARIABLE = YES;
				IPHONEOS_DEPLOYMENT_TARGET = 9.2;
				MTL_ENABLE_DEBUG_INFO = NO;
				SDKROOT = iphoneos;
				VALIDATE_PRODUCT = YES;
			};
			name = Release;
		};
		45A615A81C83C8990046B1DD /* Debug */ = {
			isa = XCBuildConfiguration;
			baseConfigurationReference = 33A2D1C8952004C3C128C6BA /* Pods-Instagram.debug.xcconfig */;
			buildSettings = {
				ASSETCATALOG_COMPILER_APPICON_NAME = AppIcon;
				INFOPLIST_FILE = Instagram/Info.plist;
				LD_RUNPATH_SEARCH_PATHS = "$(inherited) @executable_path/Frameworks";
				PRODUCT_BUNDLE_IDENTIFIER = tophat.Instagram;
				PRODUCT_NAME = "$(TARGET_NAME)";
			};
			name = Debug;
		};
		45A615A91C83C8990046B1DD /* Release */ = {
			isa = XCBuildConfiguration;
			baseConfigurationReference = 916E5D752A99F61AB7BD9D41 /* Pods-Instagram.release.xcconfig */;
			buildSettings = {
				ASSETCATALOG_COMPILER_APPICON_NAME = AppIcon;
				INFOPLIST_FILE = Instagram/Info.plist;
				LD_RUNPATH_SEARCH_PATHS = "$(inherited) @executable_path/Frameworks";
				PRODUCT_BUNDLE_IDENTIFIER = tophat.Instagram;
				PRODUCT_NAME = "$(TARGET_NAME)";
			};
			name = Release;
		};
/* End XCBuildConfiguration section */

/* Begin XCConfigurationList section */
		45A615901C83C8980046B1DD /* Build configuration list for PBXProject "Instagram" */ = {
			isa = XCConfigurationList;
			buildConfigurations = (
				45A615A51C83C8990046B1DD /* Debug */,
				45A615A61C83C8990046B1DD /* Release */,
			);
			defaultConfigurationIsVisible = 0;
			defaultConfigurationName = Release;
		};
		45A615A71C83C8990046B1DD /* Build configuration list for PBXNativeTarget "Instagram" */ = {
			isa = XCConfigurationList;
			buildConfigurations = (
				45A615A81C83C8990046B1DD /* Debug */,
				45A615A91C83C8990046B1DD /* Release */,
			);
			defaultConfigurationIsVisible = 0;
			defaultConfigurationName = Release;
		};
/* End XCConfigurationList section */
	};
	rootObject = 45A6158D1C83C8980046B1DD /* Project object */;
}
